# THIS IS AN AUTOGENERATED FILE. DO NOT EDIT THIS FILE DIRECTLY.
# yarn lockfile v1


"@elysiajs/html@^1.2.0":
  version "1.2.0"
  resolved "https://registry.yarnpkg.com/@elysiajs/html/-/html-1.2.0.tgz#aece9eb898a0c7e16a92955cc2148be4fae668b6"
  integrity sha512-j/exB9TLn2/KOMWRfPcJ7MNOsmr85uHRjC+kKPLyb1lRtNDWzgab4deUQrxtIv4gt4PDSKmywNnhyD+GrdnH3w==
  dependencies:
    "@kitajs/html" "^4.1.0"
    "@kitajs/ts-html-plugin" "^4.0.1"

"@elysiajs/node@^1.2.3":
  version "1.2.3"
  resolved "https://registry.yarnpkg.com/@elysiajs/node/-/node-1.2.3.tgz#150bdf76f21196acdecea1c680ce9273c3b4ead5"
  integrity sha512-LZoZRWV4CIiC1EsHr6bLSUGxA7iPyW49XEcY4SwMCYIW5yvVttQHH0iqe/hXuaa7UQK00V9hTwAPhXIYoZJkzQ==
  dependencies:
    formidable "^3.5.2"
    ws "^8.18.0"

"@elysiajs/static@^1.2.0":
  version "1.2.0"
  resolved "https://registry.yarnpkg.com/@elysiajs/static/-/static-1.2.0.tgz#67439cbee8daf5932b256930a0267d1df1342b37"
  integrity sha512-oLpAi8c+maPpA0XhhK3BELaIjIG+nXg/K9p8cFfW4q5ayRD59a3MOMOOGgpiXZkHJzLPWcouhhyyLAYtaANW4g==
  dependencies:
    node-cache "^5.1.2"

"@esbuild/aix-ppc64@0.23.1":
  version "0.23.1"
  resolved "https://registry.yarnpkg.com/@esbuild/aix-ppc64/-/aix-ppc64-0.23.1.tgz#51299374de171dbd80bb7d838e1cfce9af36f353"
  integrity sha512-6VhYk1diRqrhBAqpJEdjASR/+WVRtfjpqKuNw11cLiaWpAT/Uu+nokB+UJnevzy/P9C/ty6AOe0dwueMrGh/iQ==

"@esbuild/android-arm64@0.23.1":
  version "0.23.1"
  resolved "https://registry.yarnpkg.com/@esbuild/android-arm64/-/android-arm64-0.23.1.tgz#58565291a1fe548638adb9c584237449e5e14018"
  integrity sha512-xw50ipykXcLstLeWH7WRdQuysJqejuAGPd30vd1i5zSyKK3WE+ijzHmLKxdiCMtH1pHz78rOg0BKSYOSB/2Khw==

"@esbuild/android-arm@0.23.1":
  version "0.23.1"
  resolved "https://registry.yarnpkg.com/@esbuild/android-arm/-/android-arm-0.23.1.tgz#5eb8c652d4c82a2421e3395b808e6d9c42c862ee"
  integrity sha512-uz6/tEy2IFm9RYOyvKl88zdzZfwEfKZmnX9Cj1BHjeSGNuGLuMD1kR8y5bteYmwqKm1tj8m4cb/aKEorr6fHWQ==

"@esbuild/android-x64@0.23.1":
  version "0.23.1"
  resolved "https://registry.yarnpkg.com/@esbuild/android-x64/-/android-x64-0.23.1.tgz#ae19d665d2f06f0f48a6ac9a224b3f672e65d517"
  integrity sha512-nlN9B69St9BwUoB+jkyU090bru8L0NA3yFvAd7k8dNsVH8bi9a8cUAUSEcEEgTp2z3dbEDGJGfP6VUnkQnlReg==

"@esbuild/darwin-arm64@0.23.1":
  version "0.23.1"
  resolved "https://registry.yarnpkg.com/@esbuild/darwin-arm64/-/darwin-arm64-0.23.1.tgz#05b17f91a87e557b468a9c75e9d85ab10c121b16"
  integrity sha512-YsS2e3Wtgnw7Wq53XXBLcV6JhRsEq8hkfg91ESVadIrzr9wO6jJDMZnCQbHm1Guc5t/CdDiFSSfWP58FNuvT3Q==

"@esbuild/darwin-x64@0.23.1":
  version "0.23.1"
  resolved "https://registry.yarnpkg.com/@esbuild/darwin-x64/-/darwin-x64-0.23.1.tgz#c58353b982f4e04f0d022284b8ba2733f5ff0931"
  integrity sha512-aClqdgTDVPSEGgoCS8QDG37Gu8yc9lTHNAQlsztQ6ENetKEO//b8y31MMu2ZaPbn4kVsIABzVLXYLhCGekGDqw==

"@esbuild/freebsd-arm64@0.23.1":
  version "0.23.1"
  resolved "https://registry.yarnpkg.com/@esbuild/freebsd-arm64/-/freebsd-arm64-0.23.1.tgz#f9220dc65f80f03635e1ef96cfad5da1f446f3bc"
  integrity sha512-h1k6yS8/pN/NHlMl5+v4XPfikhJulk4G+tKGFIOwURBSFzE8bixw1ebjluLOjfwtLqY0kewfjLSrO6tN2MgIhA==

"@esbuild/freebsd-x64@0.23.1":
  version "0.23.1"
  resolved "https://registry.yarnpkg.com/@esbuild/freebsd-x64/-/freebsd-x64-0.23.1.tgz#69bd8511fa013b59f0226d1609ac43f7ce489730"
  integrity sha512-lK1eJeyk1ZX8UklqFd/3A60UuZ/6UVfGT2LuGo3Wp4/z7eRTRYY+0xOu2kpClP+vMTi9wKOfXi2vjUpO1Ro76g==

"@esbuild/linux-arm64@0.23.1":
  version "0.23.1"
  resolved "https://registry.yarnpkg.com/@esbuild/linux-arm64/-/linux-arm64-0.23.1.tgz#8050af6d51ddb388c75653ef9871f5ccd8f12383"
  integrity sha512-/93bf2yxencYDnItMYV/v116zff6UyTjo4EtEQjUBeGiVpMmffDNUyD9UN2zV+V3LRV3/on4xdZ26NKzn6754g==

"@esbuild/linux-arm@0.23.1":
  version "0.23.1"
  resolved "https://registry.yarnpkg.com/@esbuild/linux-arm/-/linux-arm-0.23.1.tgz#ecaabd1c23b701070484990db9a82f382f99e771"
  integrity sha512-CXXkzgn+dXAPs3WBwE+Kvnrf4WECwBdfjfeYHpMeVxWE0EceB6vhWGShs6wi0IYEqMSIzdOF1XjQ/Mkm5d7ZdQ==

"@esbuild/linux-ia32@0.23.1":
  version "0.23.1"
  resolved "https://registry.yarnpkg.com/@esbuild/linux-ia32/-/linux-ia32-0.23.1.tgz#3ed2273214178109741c09bd0687098a0243b333"
  integrity sha512-VTN4EuOHwXEkXzX5nTvVY4s7E/Krz7COC8xkftbbKRYAl96vPiUssGkeMELQMOnLOJ8k3BY1+ZY52tttZnHcXQ==

"@esbuild/linux-loong64@0.23.1":
  version "0.23.1"
  resolved "https://registry.yarnpkg.com/@esbuild/linux-loong64/-/linux-loong64-0.23.1.tgz#a0fdf440b5485c81b0fbb316b08933d217f5d3ac"
  integrity sha512-Vx09LzEoBa5zDnieH8LSMRToj7ir/Jeq0Gu6qJ/1GcBq9GkfoEAoXvLiW1U9J1qE/Y/Oyaq33w5p2ZWrNNHNEw==

"@esbuild/linux-mips64el@0.23.1":
  version "0.23.1"
  resolved "https://registry.yarnpkg.com/@esbuild/linux-mips64el/-/linux-mips64el-0.23.1.tgz#e11a2806346db8375b18f5e104c5a9d4e81807f6"
  integrity sha512-nrFzzMQ7W4WRLNUOU5dlWAqa6yVeI0P78WKGUo7lg2HShq/yx+UYkeNSE0SSfSure0SqgnsxPvmAUu/vu0E+3Q==

"@esbuild/linux-ppc64@0.23.1":
  version "0.23.1"
  resolved "https://registry.yarnpkg.com/@esbuild/linux-ppc64/-/linux-ppc64-0.23.1.tgz#06a2744c5eaf562b1a90937855b4d6cf7c75ec96"
  integrity sha512-dKN8fgVqd0vUIjxuJI6P/9SSSe/mB9rvA98CSH2sJnlZ/OCZWO1DJvxj8jvKTfYUdGfcq2dDxoKaC6bHuTlgcw==

"@esbuild/linux-riscv64@0.23.1":
  version "0.23.1"
  resolved "https://registry.yarnpkg.com/@esbuild/linux-riscv64/-/linux-riscv64-0.23.1.tgz#65b46a2892fc0d1af4ba342af3fe0fa4a8fe08e7"
  integrity sha512-5AV4Pzp80fhHL83JM6LoA6pTQVWgB1HovMBsLQ9OZWLDqVY8MVobBXNSmAJi//Csh6tcY7e7Lny2Hg1tElMjIA==

"@esbuild/linux-s390x@0.23.1":
  version "0.23.1"
  resolved "https://registry.yarnpkg.com/@esbuild/linux-s390x/-/linux-s390x-0.23.1.tgz#e71ea18c70c3f604e241d16e4e5ab193a9785d6f"
  integrity sha512-9ygs73tuFCe6f6m/Tb+9LtYxWR4c9yg7zjt2cYkjDbDpV/xVn+68cQxMXCjUpYwEkze2RcU/rMnfIXNRFmSoDw==

"@esbuild/linux-x64@0.23.1":
  version "0.23.1"
  resolved "https://registry.yarnpkg.com/@esbuild/linux-x64/-/linux-x64-0.23.1.tgz#d47f97391e80690d4dfe811a2e7d6927ad9eed24"
  integrity sha512-EV6+ovTsEXCPAp58g2dD68LxoP/wK5pRvgy0J/HxPGB009omFPv3Yet0HiaqvrIrgPTBuC6wCH1LTOY91EO5hQ==

"@esbuild/netbsd-x64@0.23.1":
  version "0.23.1"
  resolved "https://registry.yarnpkg.com/@esbuild/netbsd-x64/-/netbsd-x64-0.23.1.tgz#44e743c9778d57a8ace4b72f3c6b839a3b74a653"
  integrity sha512-aevEkCNu7KlPRpYLjwmdcuNz6bDFiE7Z8XC4CPqExjTvrHugh28QzUXVOZtiYghciKUacNktqxdpymplil1beA==

"@esbuild/openbsd-arm64@0.23.1":
  version "0.23.1"
  resolved "https://registry.yarnpkg.com/@esbuild/openbsd-arm64/-/openbsd-arm64-0.23.1.tgz#05c5a1faf67b9881834758c69f3e51b7dee015d7"
  integrity sha512-3x37szhLexNA4bXhLrCC/LImN/YtWis6WXr1VESlfVtVeoFJBRINPJ3f0a/6LV8zpikqoUg4hyXw0sFBt5Cr+Q==

"@esbuild/openbsd-x64@0.23.1":
  version "0.23.1"
  resolved "https://registry.yarnpkg.com/@esbuild/openbsd-x64/-/openbsd-x64-0.23.1.tgz#2e58ae511bacf67d19f9f2dcd9e8c5a93f00c273"
  integrity sha512-aY2gMmKmPhxfU+0EdnN+XNtGbjfQgwZj43k8G3fyrDM/UdZww6xrWxmDkuz2eCZchqVeABjV5BpildOrUbBTqA==

"@esbuild/sunos-x64@0.23.1":
  version "0.23.1"
  resolved "https://registry.yarnpkg.com/@esbuild/sunos-x64/-/sunos-x64-0.23.1.tgz#adb022b959d18d3389ac70769cef5a03d3abd403"
  integrity sha512-RBRT2gqEl0IKQABT4XTj78tpk9v7ehp+mazn2HbUeZl1YMdaGAQqhapjGTCe7uw7y0frDi4gS0uHzhvpFuI1sA==

"@esbuild/win32-arm64@0.23.1":
  version "0.23.1"
  resolved "https://registry.yarnpkg.com/@esbuild/win32-arm64/-/win32-arm64-0.23.1.tgz#84906f50c212b72ec360f48461d43202f4c8b9a2"
  integrity sha512-4O+gPR5rEBe2FpKOVyiJ7wNDPA8nGzDuJ6gN4okSA1gEOYZ67N8JPk58tkWtdtPeLz7lBnY6I5L3jdsr3S+A6A==

"@esbuild/win32-ia32@0.23.1":
  version "0.23.1"
  resolved "https://registry.yarnpkg.com/@esbuild/win32-ia32/-/win32-ia32-0.23.1.tgz#5e3eacc515820ff729e90d0cb463183128e82fac"
  integrity sha512-BcaL0Vn6QwCwre3Y717nVHZbAa4UBEigzFm6VdsVdT/MbZ38xoj1X9HPkZhbmaBGUD1W8vxAfffbDe8bA6AKnQ==

"@esbuild/win32-x64@0.23.1":
  version "0.23.1"
  resolved "https://registry.yarnpkg.com/@esbuild/win32-x64/-/win32-x64-0.23.1.tgz#81fd50d11e2c32b2d6241470e3185b70c7b30699"
  integrity sha512-BHpFFeslkWrXWyUPnbKm+xYYVYruCinGcftSBaa8zoF9hZO4BcSCFUvHVTtzpIY6YzUnYtuEhZ+C9iEXjxnasg==

"@kitajs/html@^4.1.0":
  version "4.2.7"
  resolved "https://registry.yarnpkg.com/@kitajs/html/-/html-4.2.7.tgz#ec914fd0ef768d7aa6c947781a7dade3949765ca"
  integrity sha512-HMAHy0GLH7i7wY1o0W1TeugNhtWefUkhb9l6zx6v2fIkR1cPlUtQQdkTt/jkBA7723yO7uBERcXFPZpWT7HWPQ==
  dependencies:
    csstype "^3.1.3"

"@kitajs/ts-html-plugin@^4.0.1":
  version "4.1.1"
  resolved "https://registry.yarnpkg.com/@kitajs/ts-html-plugin/-/ts-html-plugin-4.1.1.tgz#4c89c096bc3ad5466e60c777f918a7185f2e33ee"
  integrity sha512-wmjyV8hmJmDOnUM/ZyPkc0UBYgUYmf32/93rkW8wr8h+HiHVMU0tEKFnmRdBjTcy9jwoC9Bnt2NuzS9l67lq5g==
  dependencies:
    chalk "^4.1.2"
    tslib "^2.8.1"
    yargs "^17.7.2"

"@pixi/accessibility@7.4.2":
  version "7.4.2"
  resolved "https://registry.yarnpkg.com/@pixi/accessibility/-/accessibility-7.4.2.tgz#8c7105bd19b979330baea36cc09f7c367975812e"
  integrity sha512-R6VEolm8uyy1FB1F2qaLKxVbzXAFTZCF2ka8fl9lsz7We6ZfO4QpXv9ur7DvzratjCQUQVCKo0/V7xL5q1EV/g==

"@pixi/app@7.4.2":
  version "7.4.2"
  resolved "https://registry.yarnpkg.com/@pixi/app/-/app-7.4.2.tgz#f1d9c9c52ff1d4133766590fbda677a23658fec7"
  integrity sha512-ugkH3kOgjT8P1mTMY29yCOgEh+KuVMAn8uBxeY0aMqaUgIMysfpnFv+Aepp2CtvI9ygr22NC+OiKl+u+eEaQHw==

"@pixi/assets@7.4.2":
  version "7.4.2"
  resolved "https://registry.yarnpkg.com/@pixi/assets/-/assets-7.4.2.tgz#1df0c38c4fb64c391202cea8768e81eaa42de221"
  integrity sha512-anxho59H9egZwoaEdM5aLvYyxoz6NCy3CaQIvNHD1bbGg8L16Ih0e26QSBR5fu53jl8OjT6M7s+p6n7uu4+fGA==
  dependencies:
    "@types/css-font-loading-module" "^0.0.12"

"@pixi/color@7.4.2":
  version "7.4.2"
  resolved "https://registry.yarnpkg.com/@pixi/color/-/color-7.4.2.tgz#d564a0b589166afb1c4a0e85c968b7375dbfc06f"
  integrity sha512-av1LOvhHsiaW8+T4n/FgnOKHby55/w7VcA1HzPIHRBtEcsmxvSCDanT1HU2LslNhrxLPzyVx18nlmalOyt5OBg==
  dependencies:
    "@pixi/colord" "^2.9.6"

"@pixi/colord@^2.9.6":
  version "2.9.6"
  resolved "https://registry.yarnpkg.com/@pixi/colord/-/colord-2.9.6.tgz#7e4e7851480da6fd3cef4e331f008d60be7e1204"
  integrity sha512-nezytU2pw587fQstUu1AsJZDVEynjskwOL+kibwcdxsMBFqPsFFNA7xl0ii/gXuDi6M0xj3mfRJj8pBSc2jCfA==

"@pixi/compressed-textures@7.4.2":
  version "7.4.2"
  resolved "https://registry.yarnpkg.com/@pixi/compressed-textures/-/compressed-textures-7.4.2.tgz#5c256d3a2071848e7503d499aae22684bbd69529"
  integrity sha512-VJrt7el6O4ZJSWkeOGXwrhJaiLg1UBhHB3fj42VR4YloYkAxpfd9K6s6IcbcVz7n9L48APKBMgHyaB2pX2Ck/A==

"@pixi/constants@7.4.2":
  version "7.4.2"
  resolved "https://registry.yarnpkg.com/@pixi/constants/-/constants-7.4.2.tgz#e1b12316e1c637f3ebe80b599a707de4bdc4ab9b"
  integrity sha512-N9vn6Wpz5WIQg7ugUg2+SdqD2u2+NM0QthE8YzLJ4tLH2Iz+/TrnPKUJzeyIqbg3sxJG5ZpGGPiacqIBpy1KyA==

"@pixi/core@7.4.2":
  version "7.4.2"
  resolved "https://registry.yarnpkg.com/@pixi/core/-/core-7.4.2.tgz#521de6fe99d48ffffef7e79d4dfde5c5055e8a13"
  integrity sha512-UbMtgSEnyCOFPzbE6ThB9qopXxbZ5GCof2ArB4FXOC5Xi/83MOIIYg5kf5M8689C5HJMhg2SrJu3xLKppF+CMg==
  dependencies:
    "@pixi/color" "7.4.2"
    "@pixi/constants" "7.4.2"
    "@pixi/extensions" "7.4.2"
    "@pixi/math" "7.4.2"
    "@pixi/runner" "7.4.2"
    "@pixi/settings" "7.4.2"
    "@pixi/ticker" "7.4.2"
    "@pixi/utils" "7.4.2"

"@pixi/display@7.4.2":
  version "7.4.2"
  resolved "https://registry.yarnpkg.com/@pixi/display/-/display-7.4.2.tgz#f0b7db822fba80cd2e8c28f6f489244360a578ba"
  integrity sha512-DaD0J7gIlNlzO0Fdlby/0OH+tB5LtCY6rgFeCBKVDnzmn8wKW3zYZRenWBSFJ0Psx6vLqXYkSIM/rcokaKviIw==

"@pixi/events@7.4.2":
  version "7.4.2"
  resolved "https://registry.yarnpkg.com/@pixi/events/-/events-7.4.2.tgz#efd3361f7a78161aa0dffb484ea4ce3b7a0043c4"
  integrity sha512-Jw/w57heZjzZShIXL0bxOvKB+XgGIevyezhGtfF2ZSzQoSBWo+Fj1uE0QwKd0RIaXegZw/DhSmiMJSbNmcjifA==

"@pixi/extensions@7.4.2":
  version "7.4.2"
  resolved "https://registry.yarnpkg.com/@pixi/extensions/-/extensions-7.4.2.tgz#4e939e3670ca66fdcd2590e8ab90a6a04a176dec"
  integrity sha512-Hmx2+O0yZ8XIvgomHM9GZEGcy9S9Dd8flmtOK5Aa3fXs/8v7xD08+ANQpN9ZqWU2Xs+C6UBlpqlt2BWALvKKKA==

"@pixi/extract@7.4.2":
  version "7.4.2"
  resolved "https://registry.yarnpkg.com/@pixi/extract/-/extract-7.4.2.tgz#0e52446202bc8521ca9821a276e919020b0688f4"
  integrity sha512-JOX27TRWjVEjauGBbF8PU7/g6LYXnivehdgqS5QlVDv1CNHTOrz/j3MdKcVWOhyZPbH5c9sh7lxyRxvd9AIuTQ==

"@pixi/filter-alpha@7.4.2":
  version "7.4.2"
  resolved "https://registry.yarnpkg.com/@pixi/filter-alpha/-/filter-alpha-7.4.2.tgz#0cd7bccadb91109cdb05679a17f8ba4d5281d0ec"
  integrity sha512-9OsKJ+yvY2wIcQXwswj5HQBiwNGymwmqdxfp7mo+nZSBoDmxUqvMZzE9UNJ3eUlswuNvNRO8zNOsQvwdz7WFww==

"@pixi/filter-blur@7.4.2":
  version "7.4.2"
  resolved "https://registry.yarnpkg.com/@pixi/filter-blur/-/filter-blur-7.4.2.tgz#89458c467a553ec62ce799b4e68c6c574ba3a5bb"
  integrity sha512-gOXBbIUx6CRZP1fmsis2wLzzSsofrqmIHhbf1gIkZMIQaLsc9T7brj+PaLTTiOiyJgnvGN5j20RZnkERWWKV0Q==

"@pixi/filter-color-matrix@7.4.2":
  version "7.4.2"
  resolved "https://registry.yarnpkg.com/@pixi/filter-color-matrix/-/filter-color-matrix-7.4.2.tgz#b792d6624a1b019edcc7f96e131078f8bc21c6d1"
  integrity sha512-ykZiR59Gvj80UKs9qm7jeUTKvn+wWk6HBVJOmJbK9jFK5juakDWp7BbH26U78Q61EWj97kI1FdfcbMkuQ7rqkA==

"@pixi/filter-displacement@7.4.2":
  version "7.4.2"
  resolved "https://registry.yarnpkg.com/@pixi/filter-displacement/-/filter-displacement-7.4.2.tgz#e001f66c7f8bf02241c468cb33a01d21090ee09a"
  integrity sha512-QS/eWp/ivsxef3xapNeGwpPX7vrqQQeo99Fux4k5zsvplnNEsf91t6QYJLG776AbZEu/qh8VYRBA5raIVY/REw==

"@pixi/filter-fxaa@7.4.2":
  version "7.4.2"
  resolved "https://registry.yarnpkg.com/@pixi/filter-fxaa/-/filter-fxaa-7.4.2.tgz#d11d6ee1fd098a8a6bee49b804d3b3ff087af1bf"
  integrity sha512-U/ptJgDsfs/r8y2a6gCaiPfDu2IFAxpQ4wtfmBpz6vRhqeE4kI8yNIUx5dZbui57zlsJaW0BNacOQxHU0vLkyQ==

"@pixi/filter-noise@7.4.2":
  version "7.4.2"
  resolved "https://registry.yarnpkg.com/@pixi/filter-noise/-/filter-noise-7.4.2.tgz#99aebe14d0f52aaa8509e2531f1a4e658a702da9"
  integrity sha512-Vy9ViBFhZEGh6xKkd3kFWErolZTwv1Y5Qb1bV7qPIYbvBECYsqzlR4uCrrjBV6KKm0PufpG/+NKC5vICZaqKzg==

"@pixi/graphics@7.4.2":
  version "7.4.2"
  resolved "https://registry.yarnpkg.com/@pixi/graphics/-/graphics-7.4.2.tgz#b4fcc39f6a0af4c74d66b3d45b6728c33467bc78"
  integrity sha512-jH4/Tum2RqWzHGzvlwEr7HIVduoLO57Ze705N2zQPkUD57TInn5911aGUeoua7f/wK8cTLGzgB9BzSo2kTdcHw==

"@pixi/math@7.4.2":
  version "7.4.2"
  resolved "https://registry.yarnpkg.com/@pixi/math/-/math-7.4.2.tgz#473b400c89ac8fcdf6e09259ab097ce35cd8ac68"
  integrity sha512-7jHmCQoYk6e0rfSKjdNFOPl0wCcdgoraxgteXJTTHv3r0bMNx2pHD9FJ0VvocEUG7XHfj55O3+u7yItOAx0JaQ==

"@pixi/mesh-extras@7.4.2":
  version "7.4.2"
  resolved "https://registry.yarnpkg.com/@pixi/mesh-extras/-/mesh-extras-7.4.2.tgz#92eb4f41fd08907f6118dbfcb4b65fc5642d14d3"
  integrity sha512-vNR/7wjxjs7sv9fGoKkHyU91ZAD+7EnMHBS5F3CVISlOIFxLi96NNZCB81oUIdky/90pHw40johd/4izR5zTyw==

"@pixi/mesh@7.4.2":
  version "7.4.2"
  resolved "https://registry.yarnpkg.com/@pixi/mesh/-/mesh-7.4.2.tgz#f2095eb8ec792a102c76f18838f75d860bd42dff"
  integrity sha512-mEkKyQvvMrYXC3pahvH5WBIKtrtB63WixRr91ANFI7zXD+ESG6Ap6XtxMCJmXDQPwBDNk7SWVMiCflYuchG7kA==

"@pixi/mixin-cache-as-bitmap@7.4.2":
  version "7.4.2"
  resolved "https://registry.yarnpkg.com/@pixi/mixin-cache-as-bitmap/-/mixin-cache-as-bitmap-7.4.2.tgz#288f9700a2bbb524798cea86b06bd1be36f90659"
  integrity sha512-6dgthi2ruUT/lervSrFDQ7vXkEsHo6CxdgV7W/wNdW1dqgQlKfDvO6FhjXzyIMRLSooUf5FoeluVtfsjkUIYrw==

"@pixi/mixin-get-child-by-name@7.4.2":
  version "7.4.2"
  resolved "https://registry.yarnpkg.com/@pixi/mixin-get-child-by-name/-/mixin-get-child-by-name-7.4.2.tgz#d8671526637c09a87502466e27066049aebd240f"
  integrity sha512-0Cfw8JpQhsixprxiYph4Lj+B5n83Kk4ftNMXgM5xtZz+tVLz5s91qR0MqcdzwTGTJ7utVygiGmS4/3EfR/duRQ==

"@pixi/mixin-get-global-position@7.4.2":
  version "7.4.2"
  resolved "https://registry.yarnpkg.com/@pixi/mixin-get-global-position/-/mixin-get-global-position-7.4.2.tgz#9dcc9f49fa8001103ceadb1061efe03a71761952"
  integrity sha512-LcsahbVdX4DFS2IcGfNp4KaXuu7SjAwUp/flZSGIfstyKOKb5FWFgihtqcc9ZT4coyri3gs2JbILZub/zPZj1w==

"@pixi/particle-container@7.4.2":
  version "7.4.2"
  resolved "https://registry.yarnpkg.com/@pixi/particle-container/-/particle-container-7.4.2.tgz#f829caaa724be10b7e0a04fca89a68f64e80012a"
  integrity sha512-B78Qq86kt0lEa5WtB2YFIm3+PjhKfw9La9R++GBSgABl+g13s2UaZ6BIPxvY3JxWMdxPm4iPrQPFX1QWRN68mw==

"@pixi/prepare@7.4.2":
  version "7.4.2"
  resolved "https://registry.yarnpkg.com/@pixi/prepare/-/prepare-7.4.2.tgz#36fa8f5a044e6c4f46e7d2df1bef82dce7d40455"
  integrity sha512-PugyMzReCHXUzc3so9PPJj2OdHwibpUNWyqG4mWY2UUkb6c8NAGK1AnAPiscOvLilJcv/XQSFoNhX+N1jrvJEg==

"@pixi/runner@7.4.2":
  version "7.4.2"
  resolved "https://registry.yarnpkg.com/@pixi/runner/-/runner-7.4.2.tgz#92b9748a2f85b9835bb36ce196a37215b8396392"
  integrity sha512-LPBpwym4vdyyDY5ucF4INQccaGyxztERyLTY1YN6aqJyyMmnc7iqXlIKt+a0euMBtNoLoxy6MWMvIuZj0JfFPA==

"@pixi/settings@7.4.2":
  version "7.4.2"
  resolved "https://registry.yarnpkg.com/@pixi/settings/-/settings-7.4.2.tgz#36ebeec5f15bc9c538399e0692363be00a7bf28e"
  integrity sha512-pMN+L6aWgvUbwhFIL/BTHKe2ShYGPZ8h9wlVBnFHMtUcJcFLMF1B3lzuvCayZRepOphs6RY0TqvnDvVb585JhQ==
  dependencies:
    "@pixi/constants" "7.4.2"
    "@types/css-font-loading-module" "^0.0.12"
    ismobilejs "^1.1.0"

"@pixi/sprite-animated@7.4.2":
  version "7.4.2"
  resolved "https://registry.yarnpkg.com/@pixi/sprite-animated/-/sprite-animated-7.4.2.tgz#c28a3b2a8ee986517657ad5a1406fdddd610f56b"
  integrity sha512-QPT6yxCUGOBN+98H3pyIZ1ZO6Y7BN1o0Q2IMZEsD1rNfZJrTYS3Q8VlCG5t2YlFlcB8j5iBo24bZb6FUxLOmsQ==

"@pixi/sprite-tiling@7.4.2":
  version "7.4.2"
  resolved "https://registry.yarnpkg.com/@pixi/sprite-tiling/-/sprite-tiling-7.4.2.tgz#ba6e3c596cb6dadb21795153058a900dcb1cfd2b"
  integrity sha512-Z8PP6ewy3nuDYL+NeEdltHAhuucVgia33uzAitvH3OqqRSx6a6YRBFbNLUM9Sx+fBO2Lk3PpV1g6QZX+NE5LOg==

"@pixi/sprite@7.4.2":
  version "7.4.2"
  resolved "https://registry.yarnpkg.com/@pixi/sprite/-/sprite-7.4.2.tgz#beed8c2fd2e00a02e340eaba9844b180bf1f1b24"
  integrity sha512-Ccf/OVQsB+HQV0Fyf5lwD+jk1jeU7uSIqEjbxenNNssmEdB7S5qlkTBV2EJTHT83+T6Z9OMOHsreJZerydpjeg==

"@pixi/spritesheet@7.4.2":
  version "7.4.2"
  resolved "https://registry.yarnpkg.com/@pixi/spritesheet/-/spritesheet-7.4.2.tgz#e95ee2814fdf41a0028530d3f942a2bdb75b5543"
  integrity sha512-YIvHdpXW+AYp8vD0NkjJmrdnVHTZKidCnx6k8ATSuuvCT6O5Tuh2N/Ul2oDj4/QaePy0lVhyhAbZpJW00Jr7mQ==

"@pixi/text-bitmap@7.4.2":
  version "7.4.2"
  resolved "https://registry.yarnpkg.com/@pixi/text-bitmap/-/text-bitmap-7.4.2.tgz#0027f50025bbb13953c829200c99b5a6e212dee7"
  integrity sha512-lPBMJ83JnpFVL+6ckQ8KO8QmwdPm0z9Zs/M0NgFKH2F+BcjelRNnk80NI3O0qBDYSEDQIE+cFbKoZ213kf7zwA==

"@pixi/text-html@7.4.2":
  version "7.4.2"
  resolved "https://registry.yarnpkg.com/@pixi/text-html/-/text-html-7.4.2.tgz#843e153d1f8c09fdf18c2527baa9f778061e94d3"
  integrity sha512-duOu8oDYeDNuyPozj2DAsQ5VZBbRiwIXy78Gn7H2pCiEAefw/Uv5jJYwdgneKME0e1tOxz1eOUGKPcI6IJnZjw==

"@pixi/text@7.4.2":
  version "7.4.2"
  resolved "https://registry.yarnpkg.com/@pixi/text/-/text-7.4.2.tgz#ee9f54083ecbf5b07d4410ede0cd005a312d2e71"
  integrity sha512-rZZWpJNsIQ8WoCWrcVg8Gi6L/PDakB941clo6dO3XjoII2ucoOUcnpe5HIkudxi2xPvS/8Bfq990gFEx50TP5A==

"@pixi/ticker@7.4.2":
  version "7.4.2"
  resolved "https://registry.yarnpkg.com/@pixi/ticker/-/ticker-7.4.2.tgz#804994ddd0c771bdf938c9eeb8ad5ed4a28c0374"
  integrity sha512-cAvxCh/KI6IW4m3tp2b+GQIf+DoSj9NNmPJmsOeEJ7LzvruG8Ps7SKI6CdjQob5WbceL1apBTDbqZ/f77hFDiQ==
  dependencies:
    "@pixi/extensions" "7.4.2"
    "@pixi/settings" "7.4.2"
    "@pixi/utils" "7.4.2"

"@pixi/utils@7.4.2":
  version "7.4.2"
  resolved "https://registry.yarnpkg.com/@pixi/utils/-/utils-7.4.2.tgz#bbbe60eec3d91fa294a0c3bb6410be6a85eaaadc"
  integrity sha512-aU/itcyMC4TxFbmdngmak6ey4kC5c16Y5ntIYob9QnjNAfD/7GTsYIBnP6FqEAyO1eq0MjkAALxdONuay1BG3g==
  dependencies:
    "@pixi/color" "7.4.2"
    "@pixi/constants" "7.4.2"
    "@pixi/settings" "7.4.2"
    "@types/earcut" "^2.1.0"
    earcut "^2.2.4"
    eventemitter3 "^4.0.0"
    url "^0.11.0"

"@sinclair/typebox@^0.34.13":
  version "0.34.14"
  resolved "https://registry.yarnpkg.com/@sinclair/typebox/-/typebox-0.34.14.tgz#cae482cc36cf5b0d8fe6fa85a15b28e0bc6fb05d"
  integrity sha512-TJ7Al17j3+by5y2QkTLcF/oBVMbgXBhILVgi9PuwpxQVZZvGh5BFRzWbJPmZVNKpbRLjuMzFuRwR+tdFPqCkvA==

"@types/css-font-loading-module@^0.0.12":
  version "0.0.12"
  resolved "https://registry.yarnpkg.com/@types/css-font-loading-module/-/css-font-loading-module-0.0.12.tgz#65494833928823f998fbe8e86312821875d80db5"
  integrity sha512-x2tZZYkSxXqWvTDgveSynfjq/T2HyiZHXb00j/+gy19yp70PHCizM48XFdjBCWH7eHBD0R5i/pw9yMBP/BH5uA==

"@types/earcut@^2.1.0":
  version "2.1.4"
  resolved "https://registry.yarnpkg.com/@types/earcut/-/earcut-2.1.4.tgz#5811d7d333048f5a7573b22ddc84923e69596da6"
  integrity sha512-qp3m9PPz4gULB9MhjGID7wpo3gJ4bTGXm7ltNDsmOvsPduTeHp8wSW9YckBj3mljeOh4F0m2z/0JKAALRKbmLQ==

"@types/node@^22.12.0":
  version "22.12.0"
  resolved "https://registry.yarnpkg.com/@types/node/-/node-22.12.0.tgz#bf8af3b2af0837b5a62a368756ff2b705ae0048c"
  integrity sha512-Fll2FZ1riMjNmlmJOdAyY5pUbkftXslB5DgEzlIuNaiWhXd00FhWxVC/r4yV/4wBb9JfImTu+jiSvXTkJ7F/gA==
  dependencies:
    undici-types "~6.20.0"

ansi-regex@^5.0.1:
  version "5.0.1"
  resolved "https://registry.yarnpkg.com/ansi-regex/-/ansi-regex-5.0.1.tgz#082cb2c89c9fe8659a311a53bd6a4dc5301db304"
  integrity sha512-quJQXlTSUGL2LH9SUXo8VwsY4soanhgo6LNSm84E1LBcE8s3O0wpdiRzyR9z/ZZJMlMWv37qOOb9pdJlMUEKFQ==

ansi-styles@^4.0.0, ansi-styles@^4.1.0:
  version "4.3.0"
  resolved "https://registry.yarnpkg.com/ansi-styles/-/ansi-styles-4.3.0.tgz#edd803628ae71c04c85ae7a0906edad34b648937"
  integrity sha512-zbB9rCJAT1rbjiVDb2hqKFHNYLxgtk8NURxZ3IZwD3F6NtxbXZQCnnSi1Lkx+IDohdPlFp222wVALIheZJQSEg==
  dependencies:
    color-convert "^2.0.1"

asap@^2.0.0:
  version "2.0.6"
  resolved "https://registry.yarnpkg.com/asap/-/asap-2.0.6.tgz#e50347611d7e690943208bbdafebcbc2fb866d46"
  integrity sha512-BSHWgDSAiKs50o2Re8ppvp3seVHXSRM44cdSsT9FfNEUUZLOGWVCsiWaRPWM1Znn+mqZ1OfVZ3z3DWEzSp7hRA==

call-bind-apply-helpers@^1.0.1:
  version "1.0.1"
  resolved "https://registry.yarnpkg.com/call-bind-apply-helpers/-/call-bind-apply-helpers-1.0.1.tgz#32e5892e6361b29b0b545ba6f7763378daca2840"
  integrity sha512-BhYE+WDaywFg2TBWYNXAE+8B1ATnThNBqXHP5nQu0jWJdVvY2hvkpyB3qOmtmDePiS5/BDQ8wASEWGMWRG148g==
  dependencies:
    es-errors "^1.3.0"
    function-bind "^1.1.2"

call-bound@^1.0.2:
  version "1.0.3"
  resolved "https://registry.yarnpkg.com/call-bound/-/call-bound-1.0.3.tgz#41cfd032b593e39176a71533ab4f384aa04fd681"
  integrity sha512-YTd+6wGlNlPxSuri7Y6X8tY2dmm12UMH66RpKMhiX6rsk5wXXnYgbUcOt8kiS31/AjfoTOvCsE+w8nZQLQnzHA==
  dependencies:
    call-bind-apply-helpers "^1.0.1"
    get-intrinsic "^1.2.6"

chalk@^4.1.2:
  version "4.1.2"
  resolved "https://registry.yarnpkg.com/chalk/-/chalk-4.1.2.tgz#aac4e2b7734a740867aeb16bf02aad556a1e7a01"
  integrity sha512-oKnbhFyRIXpUuez8iBMmyEa4nbj4IOQyuhc/wy9kY7/WVPcwIO9VA668Pu8RkO7+0G76SLROeyw9CpQ061i4mA==
  dependencies:
    ansi-styles "^4.1.0"
    supports-color "^7.1.0"

cliui@^8.0.1:
  version "8.0.1"
  resolved "https://registry.yarnpkg.com/cliui/-/cliui-8.0.1.tgz#0c04b075db02cbfe60dc8e6cf2f5486b1a3608aa"
  integrity sha512-BSeNnyus75C4//NQ9gQt1/csTXyo/8Sb+afLAkzAptFuMsod9HFokGNudZpi/oQV73hnVK+sR+5PVRMd+Dr7YQ==
  dependencies:
    string-width "^4.2.0"
    strip-ansi "^6.0.1"
    wrap-ansi "^7.0.0"

clone@2.x:
  version "2.1.2"
  resolved "https://registry.yarnpkg.com/clone/-/clone-2.1.2.tgz#1b7f4b9f591f1e8f83670401600345a02887435f"
  integrity sha512-3Pe/CF1Nn94hyhIYpjtiLhdCoEoz0DqQ+988E9gmeEdQZlojxnOb74wctFyuwWQHzqyf9X7C7MG8juUpqBJT8w==

color-convert@^2.0.1:
  version "2.0.1"
  resolved "https://registry.yarnpkg.com/color-convert/-/color-convert-2.0.1.tgz#72d3a68d598c9bdb3af2ad1e84f21d896abd4de3"
  integrity sha512-RRECPsj7iu/xb5oKYcsFHSppFNnsj/52OVTRKb4zP5onXwVF3zVmmToNcOfGC+CRDpfK/U584fMg38ZHCaElKQ==
  dependencies:
    color-name "~1.1.4"

color-name@~1.1.4:
  version "1.1.4"
  resolved "https://registry.yarnpkg.com/color-name/-/color-name-1.1.4.tgz#c2a09a87acbde69543de6f63fa3995c826c536a2"
  integrity sha512-dOy+3AuW3a2wNbZHIuMZpTcgjGuLU/uBL/ubcZF9OXbDo8ff4O8yVp5Bf0efS8uEoYo5q4Fx7dY9OgQGXgAsQA==

cookie@^1.0.2:
  version "1.0.2"
  resolved "https://registry.yarnpkg.com/cookie/-/cookie-1.0.2.tgz#27360701532116bd3f1f9416929d176afe1e4610"
  integrity sha512-9Kr/j4O16ISv8zBBhJoi4bXOYNTkFLOqSL3UDB0njXxCXNezjeyVrJyGOWtgfs/q2km1gwBcfH8q1yEGoMYunA==

csstype@^3.1.3:
  version "3.1.3"
  resolved "https://registry.yarnpkg.com/csstype/-/csstype-3.1.3.tgz#d80ff294d114fb0e6ac500fbf85b60137d7eff81"
  integrity sha512-M1uQkMl8rQK/szD0LNhtqxIPLpimGm8sOBwU7lLnCpSbTyY3yeU1Vc7l4KT5zT4s/yOxHH5O7tIuuLOCnLADRw==

dezalgo@^1.0.4:
  version "1.0.4"
  resolved "https://registry.yarnpkg.com/dezalgo/-/dezalgo-1.0.4.tgz#751235260469084c132157dfa857f386d4c33d81"
  integrity sha512-rXSP0bf+5n0Qonsb+SVVfNfIsimO4HEtmnIpPHY8Q1UCzKlQrDMfdobr8nJOOsRgWCyMRqeSBQzmWUMq7zvVig==
  dependencies:
    asap "^2.0.0"
    wrappy "1"

dunder-proto@^1.0.1:
  version "1.0.1"
  resolved "https://registry.yarnpkg.com/dunder-proto/-/dunder-proto-1.0.1.tgz#d7ae667e1dc83482f8b70fd0f6eefc50da30f58a"
  integrity sha512-KIN/nDJBQRcXw0MLVhZE9iQHmG68qAVIBg9CqmUYjmQIhgij9U5MFvrqkUL5FbtyyzZuOeOt0zdeRe4UY7ct+A==
  dependencies:
    call-bind-apply-helpers "^1.0.1"
    es-errors "^1.3.0"
    gopd "^1.2.0"

earcut@^2.2.4:
  version "2.2.4"
  resolved "https://registry.yarnpkg.com/earcut/-/earcut-2.2.4.tgz#6d02fd4d68160c114825d06890a92ecaae60343a"
  integrity sha512-/pjZsA1b4RPHbeWZQn66SWS8nZZWLQQ23oE3Eam7aroEFGEvwKAsJfZ9ytiEMycfzXWpca4FA9QIOehf7PocBQ==

elysia@^1.2.10:
  version "1.2.10"
  resolved "https://registry.yarnpkg.com/elysia/-/elysia-1.2.10.tgz#bb2c2da1884fd25af2f02f82b9d0314a3880ef06"
  integrity sha512-QcNl2FjhHFRpKaqy1NoMpyCjJ7OcKBnHwLUkqGu09QwIV84PFb82ILvYJG4GS1RbGv76OA50luaqBLrM3SLZ2w==
  dependencies:
    "@sinclair/typebox" "^0.34.13"
    cookie "^1.0.2"
    memoirist "^0.2.0"
    openapi-types "^12.1.3"

emoji-regex@^8.0.0:
  version "8.0.0"
  resolved "https://registry.yarnpkg.com/emoji-regex/-/emoji-regex-8.0.0.tgz#e818fd69ce5ccfcb404594f842963bf53164cc37"
  integrity sha512-MSjYzcWNOA0ewAHpz0MxpYFvwg6yjy1NG3xteoqz644VCo/RPgnr1/GGt+ic3iJTzQ8Eu3TdM14SawnVUmGE6A==

es-define-property@^1.0.1:
  version "1.0.1"
  resolved "https://registry.yarnpkg.com/es-define-property/-/es-define-property-1.0.1.tgz#983eb2f9a6724e9303f61addf011c72e09e0b0fa"
  integrity sha512-e3nRfgfUZ4rNGL232gUgX06QNyyez04KdjFrF+LTRoOXmrOgFKDg4BCdsjW8EnT69eqdYGmRpJwiPVYNrCaW3g==

es-errors@^1.3.0:
  version "1.3.0"
  resolved "https://registry.yarnpkg.com/es-errors/-/es-errors-1.3.0.tgz#05f75a25dab98e4fb1dcd5e1472c0546d5057c8f"
  integrity sha512-Zf5H2Kxt2xjTvbJvP2ZWLEICxA6j+hAmMzIlypy4xcBg1vKVnx89Wy0GbS+kf5cwCVFFzdCFh2XSCFNULS6csw==

es-object-atoms@^1.0.0:
  version "1.1.1"
  resolved "https://registry.yarnpkg.com/es-object-atoms/-/es-object-atoms-1.1.1.tgz#1c4f2c4837327597ce69d2ca190a7fdd172338c1"
  integrity sha512-FGgH2h8zKNim9ljj7dankFPcICIK9Cp5bm+c2gQSYePhpaG5+esrLODihIorn+Pe6FGJzWhXQotPv73jTaldXA==
  dependencies:
    es-errors "^1.3.0"

esbuild@~0.23.0:
  version "0.23.1"
  resolved "https://registry.yarnpkg.com/esbuild/-/esbuild-0.23.1.tgz#40fdc3f9265ec0beae6f59824ade1bd3d3d2dab8"
  integrity sha512-VVNz/9Sa0bs5SELtn3f7qhJCDPCF5oMEl5cO9/SSinpE9hbPVvxbd572HH5AKiP7WD8INO53GgfDDhRjkylHEg==
  optionalDependencies:
    "@esbuild/aix-ppc64" "0.23.1"
    "@esbuild/android-arm" "0.23.1"
    "@esbuild/android-arm64" "0.23.1"
    "@esbuild/android-x64" "0.23.1"
    "@esbuild/darwin-arm64" "0.23.1"
    "@esbuild/darwin-x64" "0.23.1"
    "@esbuild/freebsd-arm64" "0.23.1"
    "@esbuild/freebsd-x64" "0.23.1"
    "@esbuild/linux-arm" "0.23.1"
    "@esbuild/linux-arm64" "0.23.1"
    "@esbuild/linux-ia32" "0.23.1"
    "@esbuild/linux-loong64" "0.23.1"
    "@esbuild/linux-mips64el" "0.23.1"
    "@esbuild/linux-ppc64" "0.23.1"
    "@esbuild/linux-riscv64" "0.23.1"
    "@esbuild/linux-s390x" "0.23.1"
    "@esbuild/linux-x64" "0.23.1"
    "@esbuild/netbsd-x64" "0.23.1"
    "@esbuild/openbsd-arm64" "0.23.1"
    "@esbuild/openbsd-x64" "0.23.1"
    "@esbuild/sunos-x64" "0.23.1"
    "@esbuild/win32-arm64" "0.23.1"
    "@esbuild/win32-ia32" "0.23.1"
    "@esbuild/win32-x64" "0.23.1"

escalade@^3.1.1:
  version "3.2.0"
  resolved "https://registry.yarnpkg.com/escalade/-/escalade-3.2.0.tgz#011a3f69856ba189dffa7dc8fcce99d2a87903e5"
  integrity sha512-WUj2qlxaQtO4g6Pq5c29GTcWGDyd8itL8zTlipgECz3JesAiiOKotd8JU6otB3PACgG6xkJUyVhboMS+bje/jA==

eventemitter3@^4.0.0:
  version "4.0.7"
  resolved "https://registry.yarnpkg.com/eventemitter3/-/eventemitter3-4.0.7.tgz#2de9b68f6528d5644ef5c59526a1b4a07306169f"
  integrity sha512-8guHBZCwKnFhYdHr2ysuRWErTwhoN2X8XELRlrRwpmfeY2jjuUN4taQMsULKUVo1K4DvZl+0pgfyoysHxvmvEw==

formidable@^3.5.2:
  version "3.5.2"
  resolved "https://registry.yarnpkg.com/formidable/-/formidable-3.5.2.tgz#207c33fecdecb22044c82ba59d0c63a12fb81d77"
  integrity sha512-Jqc1btCy3QzRbJaICGwKcBfGWuLADRerLzDqi2NwSt/UkXLsHJw2TVResiaoBufHVHy9aSgClOHCeJsSsFLTbg==
  dependencies:
    dezalgo "^1.0.4"
    hexoid "^2.0.0"
    once "^1.4.0"

fsevents@~2.3.3:
  version "2.3.3"
  resolved "https://registry.yarnpkg.com/fsevents/-/fsevents-2.3.3.tgz#cac6407785d03675a2a5e1a5305c697b347d90d6"
  integrity sha512-5xoDfX+fL7faATnagmWPpbFtwh/R77WmMMqqHGS65C3vvB0YHrgF+B1YmZ3441tMj5n63k0212XNoJwzlhffQw==

function-bind@^1.1.2:
  version "1.1.2"
  resolved "https://registry.yarnpkg.com/function-bind/-/function-bind-1.1.2.tgz#2c02d864d97f3ea6c8830c464cbd11ab6eab7a1c"
  integrity sha512-7XHNxH7qX9xG5mIwxkhumTox/MIRNcOgDrxWsMt2pAr23WHp6MrRlN7FBSFpCpr+oVO0F744iUgR82nJMfG2SA==

get-caller-file@^2.0.5:
  version "2.0.5"
  resolved "https://registry.yarnpkg.com/get-caller-file/-/get-caller-file-2.0.5.tgz#4f94412a82db32f36e3b0b9741f8a97feb031f7e"
  integrity sha512-DyFP3BM/3YHTQOCUL/w0OZHR0lpKeGrxotcHWcqNEdnltqFwXVfhEBQ94eIo34AfQpo0rGki4cyIiftY06h2Fg==

get-intrinsic@^1.2.5, get-intrinsic@^1.2.6:
  version "1.2.7"
  resolved "https://registry.yarnpkg.com/get-intrinsic/-/get-intrinsic-1.2.7.tgz#dcfcb33d3272e15f445d15124bc0a216189b9044"
  integrity sha512-VW6Pxhsrk0KAOqs3WEd0klDiF/+V7gQOpAvY1jVU/LHmaD/kQO4523aiJuikX/QAKYiW6x8Jh+RJej1almdtCA==
  dependencies:
    call-bind-apply-helpers "^1.0.1"
    es-define-property "^1.0.1"
    es-errors "^1.3.0"
    es-object-atoms "^1.0.0"
    function-bind "^1.1.2"
    get-proto "^1.0.0"
    gopd "^1.2.0"
    has-symbols "^1.1.0"
    hasown "^2.0.2"
    math-intrinsics "^1.1.0"

get-proto@^1.0.0:
  version "1.0.1"
  resolved "https://registry.yarnpkg.com/get-proto/-/get-proto-1.0.1.tgz#150b3f2743869ef3e851ec0c49d15b1d14d00ee1"
  integrity sha512-sTSfBjoXBp89JvIKIefqw7U2CCebsc74kiY6awiGogKtoSGbgjYE/G/+l9sF3MWFPNc9IcoOC4ODfKHfxFmp0g==
  dependencies:
    dunder-proto "^1.0.1"
    es-object-atoms "^1.0.0"

get-tsconfig@^4.7.5:
  version "4.10.0"
  resolved "https://registry.yarnpkg.com/get-tsconfig/-/get-tsconfig-4.10.0.tgz#403a682b373a823612475a4c2928c7326fc0f6bb"
  integrity sha512-kGzZ3LWWQcGIAmg6iWvXn0ei6WDtV26wzHRMwDSzmAbcXrTEXxHy6IehI6/4eT6VRKyMP1eF1VqwrVUmE/LR7A==
  dependencies:
    resolve-pkg-maps "^1.0.0"

gopd@^1.2.0:
  version "1.2.0"
  resolved "https://registry.yarnpkg.com/gopd/-/gopd-1.2.0.tgz#89f56b8217bdbc8802bd299df6d7f1081d7e51a1"
  integrity sha512-ZUKRh6/kUFoAiTAtTYPZJ3hw9wNxx+BIBOijnlG9PnrJsCcSjs1wyyD6vJpaYtgnzDrKYRSqf3OO6Rfa93xsRg==

has-flag@^4.0.0:
  version "4.0.0"
  resolved "https://registry.yarnpkg.com/has-flag/-/has-flag-4.0.0.tgz#944771fd9c81c81265c4d6941860da06bb59479b"
  integrity sha512-EykJT/Q1KjTWctppgIAgfSO0tKVuZUjhgMr17kqTumMl6Afv3EISleU7qZUzoXDFTAHTDC4NOoG/ZxU3EvlMPQ==

has-symbols@^1.1.0:
  version "1.1.0"
  resolved "https://registry.yarnpkg.com/has-symbols/-/has-symbols-1.1.0.tgz#fc9c6a783a084951d0b971fe1018de813707a338"
  integrity sha512-1cDNdwJ2Jaohmb3sg4OmKaMBwuC48sYni5HUw2DvsC8LjGTLK9h+eb1X6RyuOHe4hT0ULCW68iomhjUoKUqlPQ==

hasown@^2.0.2:
  version "2.0.2"
  resolved "https://registry.yarnpkg.com/hasown/-/hasown-2.0.2.tgz#003eaf91be7adc372e84ec59dc37252cedb80003"
  integrity sha512-0hJU9SCPvmMzIBdZFqNPXWa6dqh7WdH0cII9y+CyS8rG3nL48Bclra9HmKhVVUHyPWNH5Y7xDwAB7bfgSjkUMQ==
  dependencies:
    function-bind "^1.1.2"

hexoid@^2.0.0:
  version "2.0.0"
  resolved "https://registry.yarnpkg.com/hexoid/-/hexoid-2.0.0.tgz#fb36c740ebbf364403fa1ec0c7efd268460ec5b9"
  integrity sha512-qlspKUK7IlSQv2o+5I7yhUd7TxlOG2Vr5LTa3ve2XSNVKAL/n/u/7KLvKmFNimomDIKvZFXWHv0T12mv7rT8Aw==

is-fullwidth-code-point@^3.0.0:
  version "3.0.0"
  resolved "https://registry.yarnpkg.com/is-fullwidth-code-point/-/is-fullwidth-code-point-3.0.0.tgz#f116f8064fe90b3f7844a38997c0b75051269f1d"
  integrity sha512-zymm5+u+sCsSWyD9qNaejV3DFvhCKclKdizYaJUuHA83RLjb7nSuGnddCHGv0hk+KY7BMAlsWeK4Ueg6EV6XQg==

ismobilejs@^1.1.0:
  version "1.1.1"
  resolved "https://registry.yarnpkg.com/ismobilejs/-/ismobilejs-1.1.1.tgz#c56ca0ae8e52b24ca0f22ba5ef3215a2ddbbaa0e"
  integrity sha512-VaFW53yt8QO61k2WJui0dHf4SlL8lxBofUuUmwBo0ljPk0Drz2TiuDW4jo3wDcv41qy/SxrJ+VAzJ/qYqsmzRw==

math-intrinsics@^1.1.0:
  version "1.1.0"
  resolved "https://registry.yarnpkg.com/math-intrinsics/-/math-intrinsics-1.1.0.tgz#a0dd74be81e2aa5c2f27e65ce283605ee4e2b7f9"
  integrity sha512-/IXtbwEk5HTPyEwyKX6hGkYXxM9nbj64B+ilVJnC/R6B0pH5G4V3b0pVbL7DBj4tkhBAppbQUlf6F6Xl9LHu1g==

memoirist@^0.2.0:
  version "0.2.0"
  resolved "https://registry.yarnpkg.com/memoirist/-/memoirist-0.2.0.tgz#7ee0f704a8edb8eebf4a718b118d3a4970817a90"
  integrity sha512-DA1V11OWsKmYjgYHfT1luus0FtTjUbILfI9s5M+ckK29tBLON6GDhH5GwxDz7E1ou4Bdzm9vhbeCaRAWxwG+0g==

node-cache@^5.1.2:
  version "5.1.2"
  resolved "https://registry.yarnpkg.com/node-cache/-/node-cache-5.1.2.tgz#f264dc2ccad0a780e76253a694e9fd0ed19c398d"
  integrity sha512-t1QzWwnk4sjLWaQAS8CHgOJ+RAfmHpxFWmc36IWTiWHQfs0w5JDMBS1b1ZxQteo0vVVuWJvIUKHDkkeK7vIGCg==
  dependencies:
    clone "2.x"

object-inspect@^1.13.3:
  version "1.13.3"
  resolved "https://registry.yarnpkg.com/object-inspect/-/object-inspect-1.13.3.tgz#f14c183de51130243d6d18ae149375ff50ea488a"
  integrity sha512-kDCGIbxkDSXE3euJZZXzc6to7fCrKHNI/hSRQnRuQ+BWjFNzZwiFF8fj/6o2t2G9/jTj8PSIYTfCLelLZEeRpA==

once@^1.4.0:
  version "1.4.0"
  resolved "https://registry.yarnpkg.com/once/-/once-1.4.0.tgz#583b1aa775961d4b113ac17d9c50baef9dd76bd1"
  integrity sha512-lNaJgI+2Q5URQBkccEKHTQOPaXdUxnZZElQTZY0MFUAuaEqe1E+Nyvgdz/aIyNi6Z9MzO5dv1H8n58/GELp3+w==
  dependencies:
    wrappy "1"

openapi-types@^12.1.3:
  version "12.1.3"
  resolved "https://registry.yarnpkg.com/openapi-types/-/openapi-types-12.1.3.tgz#471995eb26c4b97b7bd356aacf7b91b73e777dd3"
  integrity sha512-N4YtSYJqghVu4iek2ZUvcN/0aqH1kRDuNqzcycDxhOUpg7GdvLa2F3DgS6yBNhInhv2r/6I0Flkn7CqL8+nIcw==

pixi.js@^7.4.2:
  version "7.4.2"
  resolved "https://registry.yarnpkg.com/pixi.js/-/pixi.js-7.4.2.tgz#d0378706f3db6df9e3f8917e22be04a99559995c"
  integrity sha512-TifqgHGNofO7UCEbdZJOpUu7dUnpu4YZ0o76kfCqxDa4RS8ITc9zjECCbtalmuNXkVhSEZmBKQvE7qhHMqw/xg==
  dependencies:
    "@pixi/accessibility" "7.4.2"
    "@pixi/app" "7.4.2"
    "@pixi/assets" "7.4.2"
    "@pixi/compressed-textures" "7.4.2"
    "@pixi/core" "7.4.2"
    "@pixi/display" "7.4.2"
    "@pixi/events" "7.4.2"
    "@pixi/extensions" "7.4.2"
    "@pixi/extract" "7.4.2"
    "@pixi/filter-alpha" "7.4.2"
    "@pixi/filter-blur" "7.4.2"
    "@pixi/filter-color-matrix" "7.4.2"
    "@pixi/filter-displacement" "7.4.2"
    "@pixi/filter-fxaa" "7.4.2"
    "@pixi/filter-noise" "7.4.2"
    "@pixi/graphics" "7.4.2"
    "@pixi/mesh" "7.4.2"
    "@pixi/mesh-extras" "7.4.2"
    "@pixi/mixin-cache-as-bitmap" "7.4.2"
    "@pixi/mixin-get-child-by-name" "7.4.2"
    "@pixi/mixin-get-global-position" "7.4.2"
    "@pixi/particle-container" "7.4.2"
    "@pixi/prepare" "7.4.2"
    "@pixi/sprite" "7.4.2"
    "@pixi/sprite-animated" "7.4.2"
    "@pixi/sprite-tiling" "7.4.2"
    "@pixi/spritesheet" "7.4.2"
    "@pixi/text" "7.4.2"
    "@pixi/text-bitmap" "7.4.2"
    "@pixi/text-html" "7.4.2"

punycode@^1.4.1:
  version "1.4.1"
  resolved "https://registry.yarnpkg.com/punycode/-/punycode-1.4.1.tgz#c0d5a63b2718800ad8e1eb0fa5269c84dd41845e"
  integrity sha512-jmYNElW7yvO7TV33CjSmvSiE2yco3bV2czu/OzDKdMNVZQWfxCblURLhf+47syQRBntjfLdd/H0egrzIG+oaFQ==

qs@^6.12.3:
  version "6.14.0"
  resolved "https://registry.yarnpkg.com/qs/-/qs-6.14.0.tgz#c63fa40680d2c5c941412a0e899c89af60c0a930"
  integrity sha512-YWWTjgABSKcvs/nWBi9PycY/JiPJqOD4JA6o9Sej2AtvSGarXxKC3OQSk4pAarbdQlKAh5D4FCQkJNkW+GAn3w==
  dependencies:
    side-channel "^1.1.0"

require-directory@^2.1.1:
  version "2.1.1"
  resolved "https://registry.yarnpkg.com/require-directory/-/require-directory-2.1.1.tgz#8c64ad5fd30dab1c976e2344ffe7f792a6a6df42"
  integrity sha512-fGxEI7+wsG9xrvdjsrlmL22OMTTiHRwAMroiEeMgq8gzoLC/PQr7RsRDSTLUg/bZAZtF+TVIkHc6/4RIKrui+Q==

resolve-pkg-maps@^1.0.0:
  version "1.0.0"
  resolved "https://registry.yarnpkg.com/resolve-pkg-maps/-/resolve-pkg-maps-1.0.0.tgz#616b3dc2c57056b5588c31cdf4b3d64db133720f"
  integrity sha512-seS2Tj26TBVOC2NIc2rOe2y2ZO7efxITtLZcGSOnHHNOQ7CkiUBfw0Iw2ck6xkIhPwLhKNLS8BO+hEpngQlqzw==

side-channel-list@^1.0.0:
  version "1.0.0"
  resolved "https://registry.yarnpkg.com/side-channel-list/-/side-channel-list-1.0.0.tgz#10cb5984263115d3b7a0e336591e290a830af8ad"
  integrity sha512-FCLHtRD/gnpCiCHEiJLOwdmFP+wzCmDEkc9y7NsYxeF4u7Btsn1ZuwgwJGxImImHicJArLP4R0yX4c2KCrMrTA==
  dependencies:
    es-errors "^1.3.0"
    object-inspect "^1.13.3"

side-channel-map@^1.0.1:
  version "1.0.1"
  resolved "https://registry.yarnpkg.com/side-channel-map/-/side-channel-map-1.0.1.tgz#d6bb6b37902c6fef5174e5f533fab4c732a26f42"
  integrity sha512-VCjCNfgMsby3tTdo02nbjtM/ewra6jPHmpThenkTYh8pG9ucZ/1P8So4u4FGBek/BjpOVsDCMoLA/iuBKIFXRA==
  dependencies:
    call-bound "^1.0.2"
    es-errors "^1.3.0"
    get-intrinsic "^1.2.5"
    object-inspect "^1.13.3"

side-channel-weakmap@^1.0.2:
  version "1.0.2"
  resolved "https://registry.yarnpkg.com/side-channel-weakmap/-/side-channel-weakmap-1.0.2.tgz#11dda19d5368e40ce9ec2bdc1fb0ecbc0790ecea"
  integrity sha512-WPS/HvHQTYnHisLo9McqBHOJk2FkHO/tlpvldyrnem4aeQp4hai3gythswg6p01oSoTl58rcpiFAjF2br2Ak2A==
  dependencies:
    call-bound "^1.0.2"
    es-errors "^1.3.0"
    get-intrinsic "^1.2.5"
    object-inspect "^1.13.3"
    side-channel-map "^1.0.1"

side-channel@^1.1.0:
  version "1.1.0"
  resolved "https://registry.yarnpkg.com/side-channel/-/side-channel-1.1.0.tgz#c3fcff9c4da932784873335ec9765fa94ff66bc9"
  integrity sha512-ZX99e6tRweoUXqR+VBrslhda51Nh5MTQwou5tnUDgbtyM0dBgmhEDtWGP/xbKn6hqfPRHujUNwz5fy/wbbhnpw==
  dependencies:
    es-errors "^1.3.0"
    object-inspect "^1.13.3"
    side-channel-list "^1.0.0"
    side-channel-map "^1.0.1"
    side-channel-weakmap "^1.0.2"

string-width@^4.1.0, string-width@^4.2.0, string-width@^4.2.3:
  version "4.2.3"
  resolved "https://registry.yarnpkg.com/string-width/-/string-width-4.2.3.tgz#269c7117d27b05ad2e536830a8ec895ef9c6d010"
  integrity sha512-wKyQRQpjJ0sIp62ErSZdGsjMJWsap5oRNihHhu6G7JVO/9jIB6UyevL+tXuOqrng8j/cxKTWyWUwvSTriiZz/g==
  dependencies:
    emoji-regex "^8.0.0"
    is-fullwidth-code-point "^3.0.0"
    strip-ansi "^6.0.1"

strip-ansi@^6.0.0, strip-ansi@^6.0.1:
  version "6.0.1"
  resolved "https://registry.yarnpkg.com/strip-ansi/-/strip-ansi-6.0.1.tgz#9e26c63d30f53443e9489495b2105d37b67a85d9"
  integrity sha512-Y38VPSHcqkFrCpFnQ9vuSXmquuv5oXOKpGeT6aGrr3o3Gc9AlVa6JBfUSOCnbxGGZF+/0ooI7KrPuUSztUdU5A==
  dependencies:
    ansi-regex "^5.0.1"

supports-color@^7.1.0:
  version "7.2.0"
  resolved "https://registry.yarnpkg.com/supports-color/-/supports-color-7.2.0.tgz#1b7dcdcb32b8138801b3e478ba6a51caa89648da"
  integrity sha512-qpCAvRl9stuOHveKsn7HncJRvv501qIacKzQlO/+Lwxc9+0q2wLyv4Dfvt80/DPn2pqOBsJdDiogXGR9+OvwRw==
  dependencies:
    has-flag "^4.0.0"

tslib@^2.8.1:
  version "2.8.1"
  resolved "https://registry.yarnpkg.com/tslib/-/tslib-2.8.1.tgz#612efe4ed235d567e8aba5f2a5fab70280ade83f"
  integrity sha512-oJFu94HQb+KVduSUQL7wnpmqnfmLsOA/nAh6b6EH0wCEoK0/mPeXU6c3wKDV83MkOuHPRHtSXKKU99IBazS/2w==

tsx@^4.19.2:
  version "4.19.2"
  resolved "https://registry.yarnpkg.com/tsx/-/tsx-4.19.2.tgz#2d7814783440e0ae42354d0417d9c2989a2ae92c"
  integrity sha512-pOUl6Vo2LUq/bSa8S5q7b91cgNSjctn9ugq/+Mvow99qW6x/UZYwzxy/3NmqoT66eHYfCVvFvACC58UBPFf28g==
  dependencies:
    esbuild "~0.23.0"
    get-tsconfig "^4.7.5"
  optionalDependencies:
    fsevents "~2.3.3"

typescript@^5.7.3:
  version "5.7.3"
  resolved "https://registry.yarnpkg.com/typescript/-/typescript-5.7.3.tgz#919b44a7dbb8583a9b856d162be24a54bf80073e"
  integrity sha512-84MVSjMEHP+FQRPy3pX9sTVV/INIex71s9TL2Gm5FG/WG1SqXeKyZ0k7/blY/4FdOzI12CBy1vGc4og/eus0fw==

undici-types@~6.20.0:
  version "6.20.0"
  resolved "https://registry.yarnpkg.com/undici-types/-/undici-types-6.20.0.tgz#8171bf22c1f588d1554d55bf204bc624af388433"
  integrity sha512-Ny6QZ2Nju20vw1SRHe3d9jVu6gJ+4e3+MMpqu7pqE5HT6WsTSlce++GQmK5UXS8mzV8DSYHrQH+Xrf2jVcuKNg==

url@^0.11.0:
  version "0.11.4"
  resolved "https://registry.yarnpkg.com/url/-/url-0.11.4.tgz#adca77b3562d56b72746e76b330b7f27b6721f3c"
  integrity sha512-oCwdVC7mTuWiPyjLUz/COz5TLk6wgp0RCsN+wHZ2Ekneac9w8uuV0njcbbie2ME+Vs+d6duwmYuR3HgQXs1fOg==
  dependencies:
    punycode "^1.4.1"
    qs "^6.12.3"

wrap-ansi@^7.0.0:
  version "7.0.0"
  resolved "https://registry.yarnpkg.com/wrap-ansi/-/wrap-ansi-7.0.0.tgz#67e145cff510a6a6984bdf1152911d69d2eb9e43"
  integrity sha512-YVGIj2kamLSTxw6NsZjoBxfSwsn0ycdesmc4p+Q21c5zPuZ1pl+NfxVdxPtdHvmNVOQ6XSYG4AUtyt/Fi7D16Q==
  dependencies:
    ansi-styles "^4.0.0"
    string-width "^4.1.0"
    strip-ansi "^6.0.0"

wrappy@1:
  version "1.0.2"
  resolved "https://registry.yarnpkg.com/wrappy/-/wrappy-1.0.2.tgz#b5243d8f3ec1aa35f1364605bc0d1036e30ab69f"
  integrity sha512-l4Sp/DRseor9wL6EvV2+TuQn63dMkPjZ/sp9XkghTEbV9KlPS1xUsZ3u7/IQO4wxtcFB4bgpQPRcR3QCvezPcQ==

ws@^8.18.0:
  version "8.18.0"
  resolved "https://registry.yarnpkg.com/ws/-/ws-8.18.0.tgz#0d7505a6eafe2b0e712d232b42279f53bc289bbc"
  integrity sha512-8VbfWfHLbbwu3+N6OKsOMpBdT4kXPDDB9cJk2bJ6mh9ucxdlnNvH1e+roYkKmN9Nxw2yjz7VzeO9oOz2zJ04Pw==

y18n@^5.0.5:
  version "5.0.8"
  resolved "https://registry.yarnpkg.com/y18n/-/y18n-5.0.8.tgz#7f4934d0f7ca8c56f95314939ddcd2dd91ce1d55"
  integrity sha512-0pfFzegeDWJHJIAmTLRP2DwHjdF5s7jo9tuztdQxAhINCdvS+3nGINqPd00AphqJR/0LhANUS6/+7SCb98YOfA==

yargs-parser@^21.1.1:
  version "21.1.1"
  resolved "https://registry.yarnpkg.com/yargs-parser/-/yargs-parser-21.1.1.tgz#9096bceebf990d21bb31fa9516e0ede294a77d35"
  integrity sha512-tVpsJW7DdjecAiFpbIB1e3qxIQsE6NoPc5/eTdrbbIC4h0LVsWhnoa3g+m2HclBIujHzsxZ4VJVA+GUuc2/LBw==

yargs@^17.7.2:
  version "17.7.2"
  resolved "https://registry.yarnpkg.com/yargs/-/yargs-17.7.2.tgz#991df39aca675a192b816e1e0363f9d75d2aa269"
  integrity sha512-7dSzzRQ++CKnNI/krKnYRV7JKKPUXMEh61soaHKg9mrWEhzFWhFnxPxGl+69cD1Ou63C13NUPCnmIcrvqCuM6w==
  dependencies:
    cliui "^8.0.1"
    escalade "^3.1.1"
    get-caller-file "^2.0.5"
    require-directory "^2.1.1"
    string-width "^4.2.3"
    y18n "^5.0.5"
    yargs-parser "^21.1.1"
